
Microsoft Visual Studio Solution File, Format Version 12.00
# Visual Studio Version 17
VisualStudioVersion = 17.13.35825.156 d17.13
MinimumVisualStudioVersion = 10.0.40219.1
Project("{8BC9CEB8-8B4A-11D0-8D11-00A0C91BC942}") = "Task_01", "Task_01.vcxproj", "{21D051BF-5CEC-4B0F-9DB5-A286BAAAFF5B}"
EndProject
Global
	GlobalSection(SolutionConfigurationPlatforms) = preSolution
		Debug|x64 = Debug|x64
		Debug|x86 = Debug|x86
		Release|x64 = Release|x64
		Release|x86 = Release|x86
	EndGlobalSection
	GlobalSection(ProjectConfigurationPlatforms) = postSolution
		{21D051BF-5CEC-4B0F-9DB5-A286BAAAFF5B}.Debug|x64.ActiveCfg = Debug|x64
		{21D051BF-5CEC-4B0F-9DB5-A286BAAAFF5B}.Debug|x64.Build.0 = Debug|x64
		{21D051BF-5CEC-4B0F-9DB5-A286BAAAFF5B}.Debug|x86.ActiveCfg = Debug|Win32
		{21D051BF-5CEC-4B0F-9DB5-A286BAAAFF5B}.Debug|x86.Build.0 = Debug|Win32
		{21D051BF-5CEC-4B0F-9DB5-A286BAAAFF5B}.Release|x64.ActiveCfg = Release|x64
		{21D051BF-5CEC-4B0F-9DB5-A286BAAAFF5B}.Release|x64.Build.0 = Release|x64
		{21D051BF-5CEC-4B0F-9DB5-A286BAAAFF5B}.Release|x86.ActiveCfg = Release|Win32
		{21D051BF-5CEC-4B0F-9DB5-A286BAAAFF5B}.Release|x86.Build.0 = Release|Win32
	EndGlobalSection
	GlobalSection(SolutionProperties) = preSolution
		HideSolutionNode = FALSE
	EndGlobalSection
	GlobalSection(ExtensibilityGlobals) = postSolution
		SolutionGuid = {4BB3E324-E9E8-4D09-9A04-9F67E060F02C}
	EndGlobalSection
EndGlobal
